// !$*UTF8*$!
{
	archiveVersion = 1;
	classes = {
	};
	objectVersion = 56;
	objects = {

/* Begin PBXBuildFile section */
		4916E30D2B2BE0DC008CD8F9 /* MainView.swift in Sources */ = {isa = PBXBuildFile; fileRef = 4916E30C2B2BE0DC008CD8F9 /* MainView.swift */; };
		4916E30F2B2BE101008CD8F9 /* ConsumptionView.swift in Sources */ = {isa = PBXBuildFile; fileRef = 4916E30E2B2BE101008CD8F9 /* ConsumptionView.swift */; };
		4916E3112B2BE109008CD8F9 /* CarView.swift in Sources */ = {isa = PBXBuildFile; fileRef = 4916E3102B2BE109008CD8F9 /* CarView.swift */; };
		493310F92B522839006DE644 /* PreviewData.swift in Sources */ = {isa = PBXBuildFile; fileRef = 493310F82B522839006DE644 /* PreviewData.swift */; };
		49E1FDFF2B3B911C00603A59 /* Car.swift in Sources */ = {isa = PBXBuildFile; fileRef = 49E1FDFE2B3B911C00603A59 /* Car.swift */; };
		49E1FE012B3B912300603A59 /* FuelEntry.swift in Sources */ = {isa = PBXBuildFile; fileRef = 49E1FE002B3B912300603A59 /* FuelEntry.swift */; };
		49E1FE062B3B9D9F00603A59 /* CarDetailView.swift in Sources */ = {isa = PBXBuildFile; fileRef = 49E1FE052B3B9D9F00603A59 /* CarDetailView.swift */; };
		49E1FE082B3BB18C00603A59 /* CarDetailFieldView.swift in Sources */ = {isa = PBXBuildFile; fileRef = 49E1FE072B3BB18C00603A59 /* CarDetailFieldView.swift */; };
		49E1FE0A2B3BB47900603A59 /* CarEditView.swift in Sources */ = {isa = PBXBuildFile; fileRef = 49E1FE092B3BB47900603A59 /* CarEditView.swift */; };
		49E1FE0C2B3BBD2E00603A59 /* User.swift in Sources */ = {isa = PBXBuildFile; fileRef = 49E1FE0B2B3BBD2E00603A59 /* User.swift */; };
		49EEC4B42B2B58EC00E24B9A /* GasioApp.swift in Sources */ = {isa = PBXBuildFile; fileRef = 49EEC4B32B2B58EC00E24B9A /* GasioApp.swift */; };
		49EEC4B62B2B58EC00E24B9A /* HomeView.swift in Sources */ = {isa = PBXBuildFile; fileRef = 49EEC4B52B2B58EC00E24B9A /* HomeView.swift */; };
		49EEC4B82B2B58EE00E24B9A /* Assets.xcassets in Resources */ = {isa = PBXBuildFile; fileRef = 49EEC4B72B2B58EE00E24B9A /* Assets.xcassets */; };
		49EEC4BC2B2B58EE00E24B9A /* Preview Assets.xcassets in Resources */ = {isa = PBXBuildFile; fileRef = 49EEC4BB2B2B58EE00E24B9A /* Preview Assets.xcassets */; };
/* End PBXBuildFile section */

/* Begin PBXFileReference section */
		4916E30C2B2BE0DC008CD8F9 /* MainView.swift */ = {isa = PBXFileReference; lastKnownFileType = sourcecode.swift; path = MainView.swift; sourceTree = "<group>"; };
		4916E30E2B2BE101008CD8F9 /* ConsumptionView.swift */ = {isa = PBXFileReference; lastKnownFileType = sourcecode.swift; path = ConsumptionView.swift; sourceTree = "<group>"; };
		4916E3102B2BE109008CD8F9 /* CarView.swift */ = {isa = PBXFileReference; lastKnownFileType = sourcecode.swift; path = CarView.swift; sourceTree = "<group>"; };
		493310F82B522839006DE644 /* PreviewData.swift */ = {isa = PBXFileReference; lastKnownFileType = sourcecode.swift; path = PreviewData.swift; sourceTree = "<group>"; };
		49E1FDFE2B3B911C00603A59 /* Car.swift */ = {isa = PBXFileReference; lastKnownFileType = sourcecode.swift; path = Car.swift; sourceTree = "<group>"; };
		49E1FE002B3B912300603A59 /* FuelEntry.swift */ = {isa = PBXFileReference; lastKnownFileType = sourcecode.swift; path = FuelEntry.swift; sourceTree = "<group>"; };
		49E1FE052B3B9D9F00603A59 /* CarDetailView.swift */ = {isa = PBXFileReference; lastKnownFileType = sourcecode.swift; path = CarDetailView.swift; sourceTree = "<group>"; };
		49E1FE072B3BB18C00603A59 /* CarDetailFieldView.swift */ = {isa = PBXFileReference; lastKnownFileType = sourcecode.swift; path = CarDetailFieldView.swift; sourceTree = "<group>"; };
		49E1FE092B3BB47900603A59 /* CarEditView.swift */ = {isa = PBXFileReference; lastKnownFileType = sourcecode.swift; path = CarEditView.swift; sourceTree = "<group>"; };
		49E1FE0B2B3BBD2E00603A59 /* User.swift */ = {isa = PBXFileReference; lastKnownFileType = sourcecode.swift; path = User.swift; sourceTree = "<group>"; };
		49EEC4B02B2B58EC00E24B9A /* Gasio.app */ = {isa = PBXFileReference; explicitFileType = wrapper.application; includeInIndex = 0; path = Gasio.app; sourceTree = BUILT_PRODUCTS_DIR; };
		49EEC4B32B2B58EC00E24B9A /* GasioApp.swift */ = {isa = PBXFileReference; lastKnownFileType = sourcecode.swift; path = GasioApp.swift; sourceTree = "<group>"; };
		49EEC4B52B2B58EC00E24B9A /* HomeView.swift */ = {isa = PBXFileReference; lastKnownFileType = sourcecode.swift; path = HomeView.swift; sourceTree = "<group>"; };
		49EEC4B72B2B58EE00E24B9A /* Assets.xcassets */ = {isa = PBXFileReference; lastKnownFileType = folder.assetcatalog; path = Assets.xcassets; sourceTree = "<group>"; };
		49EEC4B92B2B58EE00E24B9A /* Gasio.entitlements */ = {isa = PBXFileReference; lastKnownFileType = text.plist.entitlements; path = Gasio.entitlements; sourceTree = "<group>"; };
		49EEC4BB2B2B58EE00E24B9A /* Preview Assets.xcassets */ = {isa = PBXFileReference; lastKnownFileType = folder.assetcatalog; path = "Preview Assets.xcassets"; sourceTree = "<group>"; };
/* End PBXFileReference section */

/* Begin PBXFrameworksBuildPhase section */
		49EEC4AD2B2B58EC00E24B9A /* Frameworks */ = {
			isa = PBXFrameworksBuildPhase;
			buildActionMask = 2147483647;
			files = (
			);
			runOnlyForDeploymentPostprocessing = 0;
		};
/* End PBXFrameworksBuildPhase section */

/* Begin PBXGroup section */
		4916E3042B2BDF69008CD8F9 /* Views */ = {
			isa = PBXGroup;
			children = (
				4916E3092B2BE09E008CD8F9 /* Main */,
				4916E3082B2BDFC6008CD8F9 /* Home */,
				4916E30A2B2BE0A7008CD8F9 /* Consumption */,
				4916E30B2B2BE0BA008CD8F9 /* Car */,
			);
			path = Views;
			sourceTree = "<group>";
		};
		4916E3052B2BDF7C008CD8F9 /* Models */ = {
			isa = PBXGroup;
			children = (
				49E1FDFE2B3B911C00603A59 /* Car.swift */,
				49E1FE002B3B912300603A59 /* FuelEntry.swift */,
				49E1FE0B2B3BBD2E00603A59 /* User.swift */,
			);
			path = Models;
			sourceTree = "<group>";
		};
		4916E3062B2BDF8E008CD8F9 /* ViewModels */ = {
			isa = PBXGroup;
			children = (
			);
			path = ViewModels;
			sourceTree = "<group>";
		};
		4916E3072B2BDFB2008CD8F9 /* Extensions */ = {
			isa = PBXGroup;
			children = (
			);
			path = Extensions;
			sourceTree = "<group>";
		};
		4916E3082B2BDFC6008CD8F9 /* Home */ = {
			isa = PBXGroup;
			children = (
				49EEC4B52B2B58EC00E24B9A /* HomeView.swift */,
			);
			path = Home;
			sourceTree = "<group>";
		};
		4916E3092B2BE09E008CD8F9 /* Main */ = {
			isa = PBXGroup;
			children = (
				4916E30C2B2BE0DC008CD8F9 /* MainView.swift */,
			);
			path = Main;
			sourceTree = "<group>";
		};
		4916E30A2B2BE0A7008CD8F9 /* Consumption */ = {
			isa = PBXGroup;
			children = (
				4916E30E2B2BE101008CD8F9 /* ConsumptionView.swift */,
			);
			path = Consumption;
			sourceTree = "<group>";
		};
		4916E30B2B2BE0BA008CD8F9 /* Car */ = {
			isa = PBXGroup;
			children = (
				4916E3102B2BE109008CD8F9 /* CarView.swift */,
				49E1FE052B3B9D9F00603A59 /* CarDetailView.swift */,
				49E1FE072B3BB18C00603A59 /* CarDetailFieldView.swift */,
				49E1FE092B3BB47900603A59 /* CarEditView.swift */,
			);
			path = Car;
			sourceTree = "<group>";
		};
		49EEC4A72B2B58EC00E24B9A = {
			isa = PBXGroup;
			children = (
				49EEC4B22B2B58EC00E24B9A /* Gasio */,
				49EEC4B12B2B58EC00E24B9A /* Products */,
			);
			sourceTree = "<group>";
		};
		49EEC4B12B2B58EC00E24B9A /* Products */ = {
			isa = PBXGroup;
			children = (
				49EEC4B02B2B58EC00E24B9A /* Gasio.app */,
			);
			name = Products;
			sourceTree = "<group>";
		};
		49EEC4B22B2B58EC00E24B9A /* Gasio */ = {
			isa = PBXGroup;
			children = (
				49EEC4B32B2B58EC00E24B9A /* GasioApp.swift */,
				4916E3072B2BDFB2008CD8F9 /* Extensions */,
				4916E3062B2BDF8E008CD8F9 /* ViewModels */,
				4916E3052B2BDF7C008CD8F9 /* Models */,
				4916E3042B2BDF69008CD8F9 /* Views */,
				49EEC4B72B2B58EE00E24B9A /* Assets.xcassets */,
				49EEC4B92B2B58EE00E24B9A /* Gasio.entitlements */,
				49EEC4BA2B2B58EE00E24B9A /* Preview Content */,
			);
			path = Gasio;
			sourceTree = "<group>";
		};
		49EEC4BA2B2B58EE00E24B9A /* Preview Content */ = {
			isa = PBXGroup;
			children = (
				49EEC4BB2B2B58EE00E24B9A /* Preview Assets.xcassets */,
				493310F82B522839006DE644 /* PreviewData.swift */,
			);
			path = "Preview Content";
			sourceTree = "<group>";
		};
/* End PBXGroup section */

/* Begin PBXNativeTarget section */
		49EEC4AF2B2B58EC00E24B9A /* Gasio */ = {
			isa = PBXNativeTarget;
			buildConfigurationList = 49EEC4BF2B2B58EE00E24B9A /* Build configuration list for PBXNativeTarget "Gasio" */;
			buildPhases = (
				49EEC4AC2B2B58EC00E24B9A /* Sources */,
				49EEC4AD2B2B58EC00E24B9A /* Frameworks */,
				49EEC4AE2B2B58EC00E24B9A /* Resources */,
			);
			buildRules = (
			);
			dependencies = (
			);
			name = Gasio;
			productName = Gasio;
			productReference = 49EEC4B02B2B58EC00E24B9A /* Gasio.app */;
			productType = "com.apple.product-type.application";
		};
/* End PBXNativeTarget section */

/* Begin PBXProject section */
		49EEC4A82B2B58EC00E24B9A /* Project object */ = {
			isa = PBXProject;
			attributes = {
				BuildIndependentTargetsInParallel = 1;
				LastSwiftUpdateCheck = 1510;
				LastUpgradeCheck = 1520;
				TargetAttributes = {
					49EEC4AF2B2B58EC00E24B9A = {
						CreatedOnToolsVersion = 15.1;
					};
				};
			};
			buildConfigurationList = 49EEC4AB2B2B58EC00E24B9A /* Build configuration list for PBXProject "Gasio" */;
			compatibilityVersion = "Xcode 14.0";
			developmentRegion = en;
			hasScannedForEncodings = 0;
			knownRegions = (
				en,
				Base,
			);
			mainGroup = 49EEC4A72B2B58EC00E24B9A;
			productRefGroup = 49EEC4B12B2B58EC00E24B9A /* Products */;
			projectDirPath = "";
			projectRoot = "";
			targets = (
				49EEC4AF2B2B58EC00E24B9A /* Gasio */,
			);
		};
/* End PBXProject section */

/* Begin PBXResourcesBuildPhase section */
		49EEC4AE2B2B58EC00E24B9A /* Resources */ = {
			isa = PBXResourcesBuildPhase;
			buildActionMask = 2147483647;
			files = (
				49EEC4BC2B2B58EE00E24B9A /* Preview Assets.xcassets in Resources */,
				49EEC4B82B2B58EE00E24B9A /* Assets.xcassets in Resources */,
			);
			runOnlyForDeploymentPostprocessing = 0;
		};
/* End PBXResourcesBuildPhase section */

/* Begin PBXSourcesBuildPhase section */
		49EEC4AC2B2B58EC00E24B9A /* Sources */ = {
			isa = PBXSourcesBuildPhase;
			buildActionMask = 2147483647;
			files = (
				49E1FE012B3B912300603A59 /* FuelEntry.swift in Sources */,
				49EEC4B62B2B58EC00E24B9A /* HomeView.swift in Sources */,
				4916E30D2B2BE0DC008CD8F9 /* MainView.swift in Sources */,
				49E1FDFF2B3B911C00603A59 /* Car.swift in Sources */,
				4916E3112B2BE109008CD8F9 /* CarView.swift in Sources */,
				49E1FE0A2B3BB47900603A59 /* CarEditView.swift in Sources */,
				49E1FE082B3BB18C00603A59 /* CarDetailFieldView.swift in Sources */,
				4916E30F2B2BE101008CD8F9 /* ConsumptionView.swift in Sources */,
				493310F92B522839006DE644 /* PreviewData.swift in Sources */,
				49E1FE062B3B9D9F00603A59 /* CarDetailView.swift in Sources */,
				49EEC4B42B2B58EC00E24B9A /* GasioApp.swift in Sources */,
				49E1FE0C2B3BBD2E00603A59 /* User.swift in Sources */,
			);
			runOnlyForDeploymentPostprocessing = 0;
		};
/* End PBXSourcesBuildPhase section */

/* Begin XCBuildConfiguration section */
		49EEC4BD2B2B58EE00E24B9A /* Debug */ = {
			isa = XCBuildConfiguration;
			buildSettings = {
				ALWAYS_SEARCH_USER_PATHS = NO;
				ASSETCATALOG_COMPILER_GENERATE_SWIFT_ASSET_SYMBOL_EXTENSIONS = YES;
				CLANG_ANALYZER_NONNULL = YES;
				CLANG_ANALYZER_NUMBER_OBJECT_CONVERSION = YES_AGGRESSIVE;
				CLANG_CXX_LANGUAGE_STANDARD = "gnu++20";
				CLANG_ENABLE_MODULES = YES;
				CLANG_ENABLE_OBJC_ARC = YES;
				CLANG_ENABLE_OBJC_WEAK = YES;
				CLANG_WARN_BLOCK_CAPTURE_AUTORELEASING = YES;
				CLANG_WARN_BOOL_CONVERSION = YES;
				CLANG_WARN_COMMA = YES;
				CLANG_WARN_CONSTANT_CONVERSION = YES;
				CLANG_WARN_DEPRECATED_OBJC_IMPLEMENTATIONS = YES;
				CLANG_WARN_DIRECT_OBJC_ISA_USAGE = YES_ERROR;
				CLANG_WARN_DOCUMENTATION_COMMENTS = YES;
				CLANG_WARN_EMPTY_BODY = YES;
				CLANG_WARN_ENUM_CONVERSION = YES;
				CLANG_WARN_INFINITE_RECURSION = YES;
				CLANG_WARN_INT_CONVERSION = YES;
				CLANG_WARN_NON_LITERAL_NULL_CONVERSION = YES;
				CLANG_WARN_OBJC_IMPLICIT_RETAIN_SELF = YES;
				CLANG_WARN_OBJC_LITERAL_CONVERSION = YES;
				CLANG_WARN_OBJC_ROOT_CLASS = YES_ERROR;
				CLANG_WARN_QUOTED_INCLUDE_IN_FRAMEWORK_HEADER = YES;
				CLANG_WARN_RANGE_LOOP_ANALYSIS = YES;
				CLANG_WARN_STRICT_PROTOTYPES = YES;
				CLANG_WARN_SUSPICIOUS_MOVE = YES;
				CLANG_WARN_UNGUARDED_AVAILABILITY = YES_AGGRESSIVE;
				CLANG_WARN_UNREACHABLE_CODE = YES;
				CLANG_WARN__DUPLICATE_METHOD_MATCH = YES;
				COPY_PHASE_STRIP = NO;
				DEAD_CODE_STRIPPING = YES;
				DEBUG_INFORMATION_FORMAT = dwarf;
				ENABLE_STRICT_OBJC_MSGSEND = YES;
				ENABLE_TESTABILITY = YES;
				ENABLE_USER_SCRIPT_SANDBOXING = YES;
				GCC_C_LANGUAGE_STANDARD = gnu17;
				GCC_DYNAMIC_NO_PIC = NO;
				GCC_NO_COMMON_BLOCKS = YES;
				GCC_OPTIMIZATION_LEVEL = 0;
				GCC_PREPROCESSOR_DEFINITIONS = (
					"DEBUG=1",
					"$(inherited)",
				);
				GCC_WARN_64_TO_32_BIT_CONVERSION = YES;
				GCC_WARN_ABOUT_RETURN_TYPE = YES_ERROR;
				GCC_WARN_UNDECLARED_SELECTOR = YES;
				GCC_WARN_UNINITIALIZED_AUTOS = YES_AGGRESSIVE;
				GCC_WARN_UNUSED_FUNCTION = YES;
				GCC_WARN_UNUSED_VARIABLE = YES;
				LOCALIZATION_PREFERS_STRING_CATALOGS = YES;
				MTL_ENABLE_DEBUG_INFO = INCLUDE_SOURCE;
				MTL_FAST_MATH = YES;
				ONLY_ACTIVE_ARCH = YES;
				SWIFT_ACTIVE_COMPILATION_CONDITIONS = "DEBUG $(inherited)";
				SWIFT_OPTIMIZATION_LEVEL = "-Onone";
			};
			name = Debug;
		};
		49EEC4BE2B2B58EE00E24B9A /* Release */ = {
			isa = XCBuildConfiguration;
			buildSettings = {
				ALWAYS_SEARCH_USER_PATHS = NO;
				ASSETCATALOG_COMPILER_GENERATE_SWIFT_ASSET_SYMBOL_EXTENSIONS = YES;
				CLANG_ANALYZER_NONNULL = YES;
				CLANG_ANALYZER_NUMBER_OBJECT_CONVERSION = YES_AGGRESSIVE;
				CLANG_CXX_LANGUAGE_STANDARD = "gnu++20";
				CLANG_ENABLE_MODULES = YES;
				CLANG_ENABLE_OBJC_ARC = YES;
				CLANG_ENABLE_OBJC_WEAK = YES;
				CLANG_WARN_BLOCK_CAPTURE_AUTORELEASING = YES;
				CLANG_WARN_BOOL_CONVERSION = YES;
				CLANG_WARN_COMMA = YES;
				CLANG_WARN_CONSTANT_CONVERSION = YES;
				CLANG_WARN_DEPRECATED_OBJC_IMPLEMENTATIONS = YES;
				CLANG_WARN_DIRECT_OBJC_ISA_USAGE = YES_ERROR;
				CLANG_WARN_DOCUMENTATION_COMMENTS = YES;
				CLANG_WARN_EMPTY_BODY = YES;
				CLANG_WARN_ENUM_CONVERSION = YES;
				CLANG_WARN_INFINITE_RECURSION = YES;
				CLANG_WARN_INT_CONVERSION = YES;
				CLANG_WARN_NON_LITERAL_NULL_CONVERSION = YES;
				CLANG_WARN_OBJC_IMPLICIT_RETAIN_SELF = YES;
				CLANG_WARN_OBJC_LITERAL_CONVERSION = YES;
				CLANG_WARN_OBJC_ROOT_CLASS = YES_ERROR;
				CLANG_WARN_QUOTED_INCLUDE_IN_FRAMEWORK_HEADER = YES;
				CLANG_WARN_RANGE_LOOP_ANALYSIS = YES;
				CLANG_WARN_STRICT_PROTOTYPES = YES;
				CLANG_WARN_SUSPICIOUS_MOVE = YES;
				CLANG_WARN_UNGUARDED_AVAILABILITY = YES_AGGRESSIVE;
				CLANG_WARN_UNREACHABLE_CODE = YES;
				CLANG_WARN__DUPLICATE_METHOD_MATCH = YES;
				COPY_PHASE_STRIP = NO;
				DEAD_CODE_STRIPPING = YES;
				DEBUG_INFORMATION_FORMAT = "dwarf-with-dsym";
				ENABLE_NS_ASSERTIONS = NO;
				ENABLE_STRICT_OBJC_MSGSEND = YES;
				ENABLE_USER_SCRIPT_SANDBOXING = YES;
				GCC_C_LANGUAGE_STANDARD = gnu17;
				GCC_NO_COMMON_BLOCKS = YES;
				GCC_WARN_64_TO_32_BIT_CONVERSION = YES;
				GCC_WARN_ABOUT_RETURN_TYPE = YES_ERROR;
				GCC_WARN_UNDECLARED_SELECTOR = YES;
				GCC_WARN_UNINITIALIZED_AUTOS = YES_AGGRESSIVE;
				GCC_WARN_UNUSED_FUNCTION = YES;
				GCC_WARN_UNUSED_VARIABLE = YES;
				LOCALIZATION_PREFERS_STRING_CATALOGS = YES;
				MTL_ENABLE_DEBUG_INFO = NO;
				MTL_FAST_MATH = YES;
				SWIFT_COMPILATION_MODE = wholemodule;
			};
			name = Release;
		};
		49EEC4C02B2B58EE00E24B9A /* Debug */ = {
			isa = XCBuildConfiguration;
			buildSettings = {
				ASSETCATALOG_COMPILER_APPICON_NAME = AppIcon;
				ASSETCATALOG_COMPILER_GLOBAL_ACCENT_COLOR_NAME = AccentColor;
				CODE_SIGN_ENTITLEMENTS = Gasio/Gasio.entitlements;
				CODE_SIGN_STYLE = Automatic;
				CURRENT_PROJECT_VERSION = 1;
				DEAD_CODE_STRIPPING = YES;
				DEVELOPMENT_ASSET_PATHS = "\"Gasio/Preview Content\"";
				DEVELOPMENT_TEAM = MRKVA8MLPY;
				ENABLE_HARDENED_RUNTIME = YES;
				ENABLE_PREVIEWS = YES;
				GENERATE_INFOPLIST_FILE = YES;
				"INFOPLIST_KEY_UIApplicationSceneManifest_Generation[sdk=iphoneos*]" = YES;
				"INFOPLIST_KEY_UIApplicationSceneManifest_Generation[sdk=iphonesimulator*]" = YES;
				"INFOPLIST_KEY_UIApplicationSupportsIndirectInputEvents[sdk=iphoneos*]" = YES;
				"INFOPLIST_KEY_UIApplicationSupportsIndirectInputEvents[sdk=iphonesimulator*]" = YES;
				"INFOPLIST_KEY_UILaunchScreen_Generation[sdk=iphoneos*]" = YES;
				"INFOPLIST_KEY_UILaunchScreen_Generation[sdk=iphonesimulator*]" = YES;
				"INFOPLIST_KEY_UIStatusBarStyle[sdk=iphoneos*]" = UIStatusBarStyleDefault;
				"INFOPLIST_KEY_UIStatusBarStyle[sdk=iphonesimulator*]" = UIStatusBarStyleDefault;
				INFOPLIST_KEY_UISupportedInterfaceOrientations_iPad = "UIInterfaceOrientationPortrait UIInterfaceOrientationPortraitUpsideDown UIInterfaceOrientationLandscapeLeft UIInterfaceOrientationLandscapeRight";
				INFOPLIST_KEY_UISupportedInterfaceOrientations_iPhone = "UIInterfaceOrientationPortrait UIInterfaceOrientationLandscapeLeft UIInterfaceOrientationLandscapeRight";
				IPHONEOS_DEPLOYMENT_TARGET = 17.2;
				LD_RUNPATH_SEARCH_PATHS = "@executable_path/Frameworks";
				"LD_RUNPATH_SEARCH_PATHS[sdk=macosx*]" = "@executable_path/../Frameworks";
				MACOSX_DEPLOYMENT_TARGET = 14.1;
				MARKETING_VERSION = 1.0;
				PRODUCT_BUNDLE_IDENTIFIER = com.lutzzdias.Gasio;
				PRODUCT_NAME = "$(TARGET_NAME)";
				SDKROOT = auto;
				SUPPORTED_PLATFORMS = "iphoneos iphonesimulator macosx";
				SWIFT_EMIT_LOC_STRINGS = YES;
				SWIFT_VERSION = 5.0;
				TARGETED_DEVICE_FAMILY = "1,2";
			};
			name = Debug;
		};
		49EEC4C12B2B58EE00E24B9A /* Release */ = {
			isa = XCBuildConfiguration;
			buildSettings = {
				ASSETCATALOG_COMPILER_APPICON_NAME = AppIcon;
				ASSETCATALOG_COMPILER_GLOBAL_ACCENT_COLOR_NAME = AccentColor;
				CODE_SIGN_ENTITLEMENTS = Gasio/Gasio.entitlements;
				CODE_SIGN_STYLE = Automatic;
				CURRENT_PROJECT_VERSION = 1;
				DEAD_CODE_STRIPPING = YES;
				DEVELOPMENT_ASSET_PATHS = "\"Gasio/Preview Content\"";
				DEVELOPMENT_TEAM = MRKVA8MLPY;
				ENABLE_HARDENED_RUNTIME = YES;
				ENABLE_PREVIEWS = YES;
				GENERATE_INFOPLIST_FILE = YES;
				"INFOPLIST_KEY_UIApplicationSceneManifest_Generation[sdk=iphoneos*]" = YES;
				"INFOPLIST_KEY_UIApplicationSceneManifest_Generation[sdk=iphonesimulator*]" = YES;
				"INFOPLIST_KEY_UIApplicationSupportsIndirectInputEvents[sdk=iphoneos*]" = YES;
				"INFOPLIST_KEY_UIApplicationSupportsIndirectInputEvents[sdk=iphonesimulator*]" = YES;
				"INFOPLIST_KEY_UILaunchScreen_Generation[sdk=iphoneos*]" = YES;
				"INFOPLIST_KEY_UILaunchScreen_Generation[sdk=iphonesimulator*]" = YES;
				"INFOPLIST_KEY_UIStatusBarStyle[sdk=iphoneos*]" = UIStatusBarStyleDefault;
				"INFOPLIST_KEY_UIStatusBarStyle[sdk=iphonesimulator*]" = UIStatusBarStyleDefault;
				INFOPLIST_KEY_UISupportedInterfaceOrientations_iPad = "UIInterfaceOrientationPortrait UIInterfaceOrientationPortraitUpsideDown UIInterfaceOrientationLandscapeLeft UIInterfaceOrientationLandscapeRight";
				INFOPLIST_KEY_UISupportedInterfaceOrientations_iPhone = "UIInterfaceOrientationPortrait UIInterfaceOrientationLandscapeLeft UIInterfaceOrientationLandscapeRight";
				IPHONEOS_DEPLOYMENT_TARGET = 17.2;
				LD_RUNPATH_SEARCH_PATHS = "@executable_path/Frameworks";
				"LD_RUNPATH_SEARCH_PATHS[sdk=macosx*]" = "@executable_path/../Frameworks";
				MACOSX_DEPLOYMENT_TARGET = 14.1;
				MARKETING_VERSION = 1.0;
				PRODUCT_BUNDLE_IDENTIFIER = com.lutzzdias.Gasio;
				PRODUCT_NAME = "$(TARGET_NAME)";
				SDKROOT = auto;
				SUPPORTED_PLATFORMS = "iphoneos iphonesimulator macosx";
				SWIFT_EMIT_LOC_STRINGS = YES;
				SWIFT_VERSION = 5.0;
				TARGETED_DEVICE_FAMILY = "1,2";
			};
			name = Release;
		};
/* End XCBuildConfiguration section */

/* Begin XCConfigurationList section */
		49EEC4AB2B2B58EC00E24B9A /* Build configuration list for PBXProject "Gasio" */ = {
			isa = XCConfigurationList;
			buildConfigurations = (
				49EEC4BD2B2B58EE00E24B9A /* Debug */,
				49EEC4BE2B2B58EE00E24B9A /* Release */,
			);
			defaultConfigurationIsVisible = 0;
			defaultConfigurationName = Release;
		};
		49EEC4BF2B2B58EE00E24B9A /* Build configuration list for PBXNativeTarget "Gasio" */ = {
			isa = XCConfigurationList;
			buildConfigurations = (
				49EEC4C02B2B58EE00E24B9A /* Debug */,
				49EEC4C12B2B58EE00E24B9A /* Release */,
			);
			defaultConfigurationIsVisible = 0;
			defaultConfigurationName = Release;
		};
/* End XCConfigurationList section */
	};
	rootObject = 49EEC4A82B2B58EC00E24B9A /* Project object */;
}
